<Solution>
  <Folder Name="/Task0/">
    <Project Path="Tyuiu.GusevaAS.Sprint1.Task0.V20.Lib/Tyuiu.GusevaAS.Sprint1.Task0.V20.Lib.csproj" />
    <Project Path="Tyuiu.GusevaAS.Sprint1.Task0.V20.Test/Tyuiu.GusevaAS.Sprint1.Task0.V20.Test.csproj" />
    <Project Path="Tyuiu.GusevaAS.Sprint1.Task0.V20/Tyuiu.GusevaAS.Sprint1.Task0.V20.csproj" />
  </Folder>
  <Folder Name="/Task1/">
    <Project Path="Tyuiu.GusevaAS.Sprint1.Task1.V8.Lib/Tyuiu.GusevaAS.Sprint1.Task1.V8.Lib.csproj" Id="93c05cfd-d1eb-4059-b7a3-fc9b965a2ab5" />
    <Project Path="Tyuiu.GusevaAS.Sprint1.Task1.V8.Test/Tyuiu.GusevaAS.Sprint1.Task1.V8.Test.csproj" Id="d37cf56c-95a9-4e2e-8a3b-f7b41c7fa5ed" />
    <Project Path="Tyuiu.GusevaAS.Sprint1.Task1.V8/Tyuiu.GusevaAS.Sprint1.Task1.V8.csproj" Id="41acadbb-91db-4a35-b0c5-00bff68c1151" />
  </Folder>
  <Folder Name="/Task2/">
    <Project Path="Tyuiu.GusevaAS.Sprint1.Task2.V25.Lib/Tyuiu.GusevaAS.Sprint1.Task2.V25.Lib.csproj" Id="e1f65cfa-7295-4154-ac59-11efe9107469" />
    <Project Path="Tyuiu.GusevaAS.Sprint1.Task2.V25.Test/Tyuiu.GusevaAS.Sprint1.Task2.V25.Test.csproj" Id="38979296-5436-42c7-adaa-9bad353598ca" />
    <Project Path="Tyuiu.GusevaAS.Sprint1.Task2.V25/Tyuiu.GusevaAS.Sprint1.Task2.V25.csproj" Id="574387b5-57f4-42f0-ae5a-4fe3085db2d8" />
  </Folder>
  <Folder Name="/Task3/">
    <Project Path="Tyuiu.GusevaAS.Sprint1.Task3.V17.Lib/Tyuiu.GusevaAS.Sprint1.Task3.V17.Lib.csproj" Id="bd724da8-3171-4d48-b7c3-e08b97e21d3b" />
    <Project Path="Tyuiu.GusevaAS.Sprint1.Task3.V17.Test/Tyuiu.GusevaAS.Sprint1.Task3.V17.Test.csproj" Id="1f4480ac-d66e-405a-886d-3d3cde020287" />
    <Project Path="Tyuiu.GusevaAS.Sprint1.Task3.V17/Tyuiu.GusevaAS.Sprint1.Task3.V17.csproj" Id="951dab38-ee29-4ae9-b61e-c4ecb9e3a82f" />
  </Folder>
  <Folder Name="/Task4/">
    <Project Path="Tyuiu.GusevaAS.Sprint1.Task4.V23.Lib/Tyuiu.GusevaAS.Sprint1.Task4.V23.Lib.csproj" Id="3eef8c52-d004-452f-9e49-5d297f8c3d2b" />
    <Project Path="Tyuiu.GusevaAS.Sprint1.Task4.V23.Test/Tyuiu.GusevaAS.Sprint1.Task4.V23.Test.csproj" Id="0b91364a-369e-4126-a7c8-2c2811c9f126" />
    <Project Path="Tyuiu.GusevaAS.Sprint1.Task4.V23/Tyuiu.GusevaAS.Sprint1.Task4.V23.csproj" Id="2c90aaa1-5670-4476-8bc9-aa9b7fc4cbd2" />
  </Folder>
  <Folder Name="/Task5/">
    <Project Path="Tyuiu.GusevaAS.Sprint1.Task5.V3.Lib/Tyuiu.GusevaAS.Sprint1.Task5.V3.Lib.csproj" Id="90ac10dc-5250-4e49-b742-e7df45a0b9d4" />
    <Project Path="Tyuiu.GusevaAS.Sprint1.Task5.V3.Test/Tyuiu.GusevaAS.Sprint1.Task5.V3.Test.csproj" Id="ca43f878-a117-41b8-87f3-77abdf0a17e5" />
    <Project Path="Tyuiu.GusevaAS.Sprint1.Task5.V3/Tyuiu.GusevaAS.Sprint1.Task5.V3.csproj" Id="ac095378-1e50-41f0-bd68-6af8acf5946a" />
  </Folder>
  <Folder Name="/Task6/">
    <Project Path="Tyuiu.GusevaAS.Sprint1.Task6.V1.Lib/Tyuiu.GusevaAS.Sprint1.Task6.V1.Lib.csproj" Id="0abfb9b3-5607-4c97-bf10-2bb2eb1fb3af" />
    <Project Path="Tyuiu.GusevaAS.Sprint1.Task6.V1.Test/Tyuiu.GusevaAS.Sprint1.Task6.V1.Test.csproj" Id="be49925c-076f-4e1f-8c8b-c3df2642f153" />
    <Project Path="Tyuiu.GusevaAS.Sprint1.Task6.V1/Tyuiu.GusevaAS.Sprint1.Task6.V1.csproj" Id="be2fe068-9a59-4d6d-95fc-252f84badc06" />
  </Folder>
  <Folder Name="/Task7/">
    <Project Path="Tyuiu.GusevaAS.Sprint1.Task7.V9.Lib/Tyuiu.GusevaAS.Sprint1.Task7.V9.Lib.csproj" Id="88af45d9-25b7-40a6-b053-2bf2d91f3de7" />
    <Project Path="Tyuiu.GusevaAS.Sprint1.Task7.V9.Test/Tyuiu.GusevaAS.Sprint1.Task7.V9.Test.csproj" Id="92623415-a578-4bde-8ea4-542b33301f92" />
    <Project Path="Tyuiu.GusevaAS.Sprint1.Task7.V9/Tyuiu.GusevaAS.Sprint1.Task7.V9.csproj" Id="44d3aab8-57cb-4c1b-89c5-6493b98b9b1d" />
  </Folder>
</Solution>
